// !$*UTF8*$!
{
	archiveVersion = 1;
	classes = {
	};
	objectVersion = 50;
	objects = {

/* Begin PBXBuildFile section */
		7012951D24AA232400BD2727 /* ServiceController.swift in Sources */ = {isa = PBXBuildFile; fileRef = 7012951C24AA232400BD2727 /* ServiceController.swift */; };
		7012ED0D24AC9A570036F1E5 /* ServiceRequest.swift in Sources */ = {isa = PBXBuildFile; fileRef = 7012ED0C24AC9A570036F1E5 /* ServiceRequest.swift */; };
		705141B824AA26E800F02A8C /* Main_ViewModel.swift in Sources */ = {isa = PBXBuildFile; fileRef = 705141B724AA26E800F02A8C /* Main_ViewModel.swift */; };
		705141BB24AA2ADB00F02A8C /* Main_View.swift in Sources */ = {isa = PBXBuildFile; fileRef = 705141BA24AA2ADB00F02A8C /* Main_View.swift */; };
		7060DF0F24AA36130040888F /* ServicesProtocol.swift in Sources */ = {isa = PBXBuildFile; fileRef = 7060DF0E24AA36130040888F /* ServicesProtocol.swift */; };
		7061006B24A8F4CD0032F87D /* AppDelegate.swift in Sources */ = {isa = PBXBuildFile; fileRef = 7061006A24A8F4CD0032F87D /* AppDelegate.swift */; };
		7061007024A8F4CE0032F87D /* Main.storyboard in Resources */ = {isa = PBXBuildFile; fileRef = 7061006E24A8F4CE0032F87D /* Main.storyboard */; };
		7061007324A8F4CE0032F87D /* HttpRequest.xcdatamodeld in Sources */ = {isa = PBXBuildFile; fileRef = 7061007124A8F4CE0032F87D /* HttpRequest.xcdatamodeld */; };
		7061007524A8F4D10032F87D /* Assets.xcassets in Resources */ = {isa = PBXBuildFile; fileRef = 7061007424A8F4D10032F87D /* Assets.xcassets */; };
		7061007824A8F4D10032F87D /* LaunchScreen.storyboard in Resources */ = {isa = PBXBuildFile; fileRef = 7061007624A8F4D10032F87D /* LaunchScreen.storyboard */; };
		7061008324A8F4D10032F87D /* HttpRequestTests.swift in Sources */ = {isa = PBXBuildFile; fileRef = 7061008224A8F4D10032F87D /* HttpRequestTests.swift */; };
		7061008E24A8F4D10032F87D /* HttpRequestUITests.swift in Sources */ = {isa = PBXBuildFile; fileRef = 7061008D24A8F4D10032F87D /* HttpRequestUITests.swift */; };
		7061009D24A8F5FD0032F87D /* ServiceNetworkLayer.swift in Sources */ = {isa = PBXBuildFile; fileRef = 7061009C24A8F5FD0032F87D /* ServiceNetworkLayer.swift */; };
		70DB2AAE24AE845A00635281 /* Main_Model.swift in Sources */ = {isa = PBXBuildFile; fileRef = 70DB2AAD24AE845A00635281 /* Main_Model.swift */; };
/* End PBXBuildFile section */

/* Begin PBXContainerItemProxy section */
		7061007F24A8F4D10032F87D /* PBXContainerItemProxy */ = {
			isa = PBXContainerItemProxy;
			containerPortal = 7061005F24A8F4CD0032F87D /* Project object */;
			proxyType = 1;
			remoteGlobalIDString = 7061006624A8F4CD0032F87D;
			remoteInfo = HttpRequest;
		};
		7061008A24A8F4D10032F87D /* PBXContainerItemProxy */ = {
			isa = PBXContainerItemProxy;
			containerPortal = 7061005F24A8F4CD0032F87D /* Project object */;
			proxyType = 1;
			remoteGlobalIDString = 7061006624A8F4CD0032F87D;
			remoteInfo = HttpRequest;
		};
/* End PBXContainerItemProxy section */

/* Begin PBXFileReference section */
		7012951C24AA232400BD2727 /* ServiceController.swift */ = {isa = PBXFileReference; lastKnownFileType = sourcecode.swift; path = ServiceController.swift; sourceTree = "<group>"; };
		7012ED0C24AC9A570036F1E5 /* ServiceRequest.swift */ = {isa = PBXFileReference; lastKnownFileType = sourcecode.swift; path = ServiceRequest.swift; sourceTree = "<group>"; };
		705141B724AA26E800F02A8C /* Main_ViewModel.swift */ = {isa = PBXFileReference; lastKnownFileType = sourcecode.swift; path = Main_ViewModel.swift; sourceTree = "<group>"; };
		705141BA24AA2ADB00F02A8C /* Main_View.swift */ = {isa = PBXFileReference; lastKnownFileType = sourcecode.swift; path = Main_View.swift; sourceTree = "<group>"; };
		7060DF0E24AA36130040888F /* ServicesProtocol.swift */ = {isa = PBXFileReference; lastKnownFileType = sourcecode.swift; path = ServicesProtocol.swift; sourceTree = "<group>"; };
		7061006724A8F4CD0032F87D /* HttpRequest.app */ = {isa = PBXFileReference; explicitFileType = wrapper.application; includeInIndex = 0; path = HttpRequest.app; sourceTree = BUILT_PRODUCTS_DIR; };
		7061006A24A8F4CD0032F87D /* AppDelegate.swift */ = {isa = PBXFileReference; lastKnownFileType = sourcecode.swift; path = AppDelegate.swift; sourceTree = "<group>"; };
		7061006F24A8F4CE0032F87D /* Base */ = {isa = PBXFileReference; lastKnownFileType = file.storyboard; name = Base; path = Base.lproj/Main.storyboard; sourceTree = "<group>"; };
		7061007224A8F4CE0032F87D /* HttpRequest.xcdatamodel */ = {isa = PBXFileReference; lastKnownFileType = wrapper.xcdatamodel; path = HttpRequest.xcdatamodel; sourceTree = "<group>"; };
		7061007424A8F4D10032F87D /* Assets.xcassets */ = {isa = PBXFileReference; lastKnownFileType = folder.assetcatalog; path = Assets.xcassets; sourceTree = "<group>"; };
		7061007724A8F4D10032F87D /* Base */ = {isa = PBXFileReference; lastKnownFileType = file.storyboard; name = Base; path = Base.lproj/LaunchScreen.storyboard; sourceTree = "<group>"; };
		7061007924A8F4D10032F87D /* Info.plist */ = {isa = PBXFileReference; lastKnownFileType = text.plist.xml; path = Info.plist; sourceTree = "<group>"; };
		7061007E24A8F4D10032F87D /* HttpRequestTests.xctest */ = {isa = PBXFileReference; explicitFileType = wrapper.cfbundle; includeInIndex = 0; path = HttpRequestTests.xctest; sourceTree = BUILT_PRODUCTS_DIR; };
		7061008224A8F4D10032F87D /* HttpRequestTests.swift */ = {isa = PBXFileReference; lastKnownFileType = sourcecode.swift; path = HttpRequestTests.swift; sourceTree = "<group>"; };
		7061008424A8F4D10032F87D /* Info.plist */ = {isa = PBXFileReference; lastKnownFileType = text.plist.xml; path = Info.plist; sourceTree = "<group>"; };
		7061008924A8F4D10032F87D /* HttpRequestUITests.xctest */ = {isa = PBXFileReference; explicitFileType = wrapper.cfbundle; includeInIndex = 0; path = HttpRequestUITests.xctest; sourceTree = BUILT_PRODUCTS_DIR; };
		7061008D24A8F4D10032F87D /* HttpRequestUITests.swift */ = {isa = PBXFileReference; lastKnownFileType = sourcecode.swift; path = HttpRequestUITests.swift; sourceTree = "<group>"; };
		7061008F24A8F4D10032F87D /* Info.plist */ = {isa = PBXFileReference; lastKnownFileType = text.plist.xml; path = Info.plist; sourceTree = "<group>"; };
		7061009C24A8F5FD0032F87D /* ServiceNetworkLayer.swift */ = {isa = PBXFileReference; lastKnownFileType = sourcecode.swift; path = ServiceNetworkLayer.swift; sourceTree = "<group>"; };
		70DB2AAD24AE845A00635281 /* Main_Model.swift */ = {isa = PBXFileReference; lastKnownFileType = sourcecode.swift; path = Main_Model.swift; sourceTree = "<group>"; };
/* End PBXFileReference section */

/* Begin PBXFrameworksBuildPhase section */
		7061006424A8F4CD0032F87D /* Frameworks */ = {
			isa = PBXFrameworksBuildPhase;
			buildActionMask = 2147483647;
			files = (
			);
			runOnlyForDeploymentPostprocessing = 0;
		};
		7061007B24A8F4D10032F87D /* Frameworks */ = {
			isa = PBXFrameworksBuildPhase;
			buildActionMask = 2147483647;
			files = (
			);
			runOnlyForDeploymentPostprocessing = 0;
		};
		7061008624A8F4D10032F87D /* Frameworks */ = {
			isa = PBXFrameworksBuildPhase;
			buildActionMask = 2147483647;
			files = (
			);
			runOnlyForDeploymentPostprocessing = 0;
		};
/* End PBXFrameworksBuildPhase section */

/* Begin PBXGroup section */
		705141B924AA26ED00F02A8C /* Main */ = {
			isa = PBXGroup;
			children = (
				705141B724AA26E800F02A8C /* Main_ViewModel.swift */,
				705141BA24AA2ADB00F02A8C /* Main_View.swift */,
				70DB2AAD24AE845A00635281 /* Main_Model.swift */,
			);
			path = Main;
			sourceTree = "<group>";
		};
		7061005E24A8F4CD0032F87D = {
			isa = PBXGroup;
			children = (
				7061006924A8F4CD0032F87D /* HttpRequest */,
				7061008124A8F4D10032F87D /* HttpRequestTests */,
				7061008C24A8F4D10032F87D /* HttpRequestUITests */,
				7061006824A8F4CD0032F87D /* Products */,
			);
			sourceTree = "<group>";
		};
		7061006824A8F4CD0032F87D /* Products */ = {
			isa = PBXGroup;
			children = (
				7061006724A8F4CD0032F87D /* HttpRequest.app */,
				7061007E24A8F4D10032F87D /* HttpRequestTests.xctest */,
				7061008924A8F4D10032F87D /* HttpRequestUITests.xctest */,
			);
			name = Products;
			sourceTree = "<group>";
		};
		7061006924A8F4CD0032F87D /* HttpRequest */ = {
			isa = PBXGroup;
			children = (
				705141B924AA26ED00F02A8C /* Main */,
				7061009B24A8F5D60032F87D /* HttpRequest */,
				7061006A24A8F4CD0032F87D /* AppDelegate.swift */,
				7061006E24A8F4CE0032F87D /* Main.storyboard */,
				7061007424A8F4D10032F87D /* Assets.xcassets */,
				7061007624A8F4D10032F87D /* LaunchScreen.storyboard */,
				7061007924A8F4D10032F87D /* Info.plist */,
				7061007124A8F4CE0032F87D /* HttpRequest.xcdatamodeld */,
			);
			path = HttpRequest;
			sourceTree = "<group>";
		};
		7061008124A8F4D10032F87D /* HttpRequestTests */ = {
			isa = PBXGroup;
			children = (
				7061008224A8F4D10032F87D /* HttpRequestTests.swift */,
				7061008424A8F4D10032F87D /* Info.plist */,
			);
			path = HttpRequestTests;
			sourceTree = "<group>";
		};
		7061008C24A8F4D10032F87D /* HttpRequestUITests */ = {
			isa = PBXGroup;
			children = (
				7061008D24A8F4D10032F87D /* HttpRequestUITests.swift */,
				7061008F24A8F4D10032F87D /* Info.plist */,
			);
			path = HttpRequestUITests;
			sourceTree = "<group>";
		};
		7061009B24A8F5D60032F87D /* HttpRequest */ = {
			isa = PBXGroup;
			children = (
				7012951C24AA232400BD2727 /* ServiceController.swift */,
				7061009C24A8F5FD0032F87D /* ServiceNetworkLayer.swift */,
				7060DF0E24AA36130040888F /* ServicesProtocol.swift */,
				7012ED0C24AC9A570036F1E5 /* ServiceRequest.swift */,
			);
			path = HttpRequest;
			sourceTree = "<group>";
		};
/* End PBXGroup section */

/* Begin PBXNativeTarget section */
		7061006624A8F4CD0032F87D /* HttpRequest */ = {
			isa = PBXNativeTarget;
			buildConfigurationList = 7061009224A8F4D10032F87D /* Build configuration list for PBXNativeTarget "HttpRequest" */;
			buildPhases = (
				7061006324A8F4CD0032F87D /* Sources */,
				7061006424A8F4CD0032F87D /* Frameworks */,
				7061006524A8F4CD0032F87D /* Resources */,
			);
			buildRules = (
			);
			dependencies = (
			);
			name = HttpRequest;
			productName = HttpRequest;
			productReference = 7061006724A8F4CD0032F87D /* HttpRequest.app */;
			productType = "com.apple.product-type.application";
		};
		7061007D24A8F4D10032F87D /* HttpRequestTests */ = {
			isa = PBXNativeTarget;
			buildConfigurationList = 7061009524A8F4D10032F87D /* Build configuration list for PBXNativeTarget "HttpRequestTests" */;
			buildPhases = (
				7061007A24A8F4D10032F87D /* Sources */,
				7061007B24A8F4D10032F87D /* Frameworks */,
				7061007C24A8F4D10032F87D /* Resources */,
			);
			buildRules = (
			);
			dependencies = (
				7061008024A8F4D10032F87D /* PBXTargetDependency */,
			);
			name = HttpRequestTests;
			productName = HttpRequestTests;
			productReference = 7061007E24A8F4D10032F87D /* HttpRequestTests.xctest */;
			productType = "com.apple.product-type.bundle.unit-test";
		};
		7061008824A8F4D10032F87D /* HttpRequestUITests */ = {
			isa = PBXNativeTarget;
			buildConfigurationList = 7061009824A8F4D10032F87D /* Build configuration list for PBXNativeTarget "HttpRequestUITests" */;
			buildPhases = (
				7061008524A8F4D10032F87D /* Sources */,
				7061008624A8F4D10032F87D /* Frameworks */,
				7061008724A8F4D10032F87D /* Resources */,
			);
			buildRules = (
			);
			dependencies = (
				7061008B24A8F4D10032F87D /* PBXTargetDependency */,
			);
			name = HttpRequestUITests;
			productName = HttpRequestUITests;
			productReference = 7061008924A8F4D10032F87D /* HttpRequestUITests.xctest */;
			productType = "com.apple.product-type.bundle.ui-testing";
		};
/* End PBXNativeTarget section */

/* Begin PBXProject section */
		7061005F24A8F4CD0032F87D /* Project object */ = {
			isa = PBXProject;
			attributes = {
				LastSwiftUpdateCheck = 1030;
				LastUpgradeCheck = 1030;
				ORGANIZATIONNAME = Hoorad;
				TargetAttributes = {
					7061006624A8F4CD0032F87D = {
						CreatedOnToolsVersion = 10.3;
					};
					7061007D24A8F4D10032F87D = {
						CreatedOnToolsVersion = 10.3;
						TestTargetID = 7061006624A8F4CD0032F87D;
					};
					7061008824A8F4D10032F87D = {
						CreatedOnToolsVersion = 10.3;
						TestTargetID = 7061006624A8F4CD0032F87D;
					};
				};
			};
			buildConfigurationList = 7061006224A8F4CD0032F87D /* Build configuration list for PBXProject "HttpRequest" */;
			compatibilityVersion = "Xcode 9.3";
			developmentRegion = en;
			hasScannedForEncodings = 0;
			knownRegions = (
				en,
				Base,
			);
			mainGroup = 7061005E24A8F4CD0032F87D;
			productRefGroup = 7061006824A8F4CD0032F87D /* Products */;
			projectDirPath = "";
			projectRoot = "";
			targets = (
				7061006624A8F4CD0032F87D /* HttpRequest */,
				7061007D24A8F4D10032F87D /* HttpRequestTests */,
				7061008824A8F4D10032F87D /* HttpRequestUITests */,
			);
		};
/* End PBXProject section */

/* Begin PBXResourcesBuildPhase section */
		7061006524A8F4CD0032F87D /* Resources */ = {
			isa = PBXResourcesBuildPhase;
			buildActionMask = 2147483647;
			files = (
				7061007824A8F4D10032F87D /* LaunchScreen.storyboard in Resources */,
				7061007524A8F4D10032F87D /* Assets.xcassets in Resources */,
				7061007024A8F4CE0032F87D /* Main.storyboard in Resources */,
			);
			runOnlyForDeploymentPostprocessing = 0;
		};
		7061007C24A8F4D10032F87D /* Resources */ = {
			isa = PBXResourcesBuildPhase;
			buildActionMask = 2147483647;
			files = (
			);
			runOnlyForDeploymentPostprocessing = 0;
		};
		7061008724A8F4D10032F87D /* Resources */ = {
			isa = PBXResourcesBuildPhase;
			buildActionMask = 2147483647;
			files = (
			);
			runOnlyForDeploymentPostprocessing = 0;
		};
/* End PBXResourcesBuildPhase section */

/* Begin PBXSourcesBuildPhase section */
		7061006324A8F4CD0032F87D /* Sources */ = {
			isa = PBXSourcesBuildPhase;
			buildActionMask = 2147483647;
			files = (
				70DB2AAE24AE845A00635281 /* Main_Model.swift in Sources */,
				7061006B24A8F4CD0032F87D /* AppDelegate.swift in Sources */,
				705141BB24AA2ADB00F02A8C /* Main_View.swift in Sources */,
				7061007324A8F4CE0032F87D /* HttpRequest.xcdatamodeld in Sources */,
				7012951D24AA232400BD2727 /* ServiceController.swift in Sources */,
				7061009D24A8F5FD0032F87D /* ServiceNetworkLayer.swift in Sources */,
				705141B824AA26E800F02A8C /* Main_ViewModel.swift in Sources */,
				7012ED0D24AC9A570036F1E5 /* ServiceRequest.swift in Sources */,
				7060DF0F24AA36130040888F /* ServicesProtocol.swift in Sources */,
			);
			runOnlyForDeploymentPostprocessing = 0;
		};
		7061007A24A8F4D10032F87D /* Sources */ = {
			isa = PBXSourcesBuildPhase;
			buildActionMask = 2147483647;
			files = (
				7061008324A8F4D10032F87D /* HttpRequestTests.swift in Sources */,
			);
			runOnlyForDeploymentPostprocessing = 0;
		};
		7061008524A8F4D10032F87D /* Sources */ = {
			isa = PBXSourcesBuildPhase;
			buildActionMask = 2147483647;
			files = (
				7061008E24A8F4D10032F87D /* HttpRequestUITests.swift in Sources */,
			);
			runOnlyForDeploymentPostprocessing = 0;
		};
/* End PBXSourcesBuildPhase section */

/* Begin PBXTargetDependency section */
		7061008024A8F4D10032F87D /* PBXTargetDependency */ = {
			isa = PBXTargetDependency;
			target = 7061006624A8F4CD0032F87D /* HttpRequest */;
			targetProxy = 7061007F24A8F4D10032F87D /* PBXContainerItemProxy */;
		};
		7061008B24A8F4D10032F87D /* PBXTargetDependency */ = {
			isa = PBXTargetDependency;
			target = 7061006624A8F4CD0032F87D /* HttpRequest */;
			targetProxy = 7061008A24A8F4D10032F87D /* PBXContainerItemProxy */;
		};
/* End PBXTargetDependency section */

/* Begin PBXVariantGroup section */
		7061006E24A8F4CE0032F87D /* Main.storyboard */ = {
			isa = PBXVariantGroup;
			children = (
				7061006F24A8F4CE0032F87D /* Base */,
			);
			name = Main.storyboard;
			sourceTree = "<group>";
		};
		7061007624A8F4D10032F87D /* LaunchScreen.storyboard */ = {
			isa = PBXVariantGroup;
			children = (
				7061007724A8F4D10032F87D /* Base */,
			);
			name = LaunchScreen.storyboard;
			sourceTree = "<group>";
		};
/* End PBXVariantGroup section */

/* Begin XCBuildConfiguration section */
		7061009024A8F4D10032F87D /* Debug */ = {
			isa = XCBuildConfiguration;
			buildSettings = {
				ALWAYS_SEARCH_USER_PATHS = NO;
				CLANG_ANALYZER_NONNULL = YES;
				CLANG_ANALYZER_NUMBER_OBJECT_CONVERSION = YES_AGGRESSIVE;
				CLANG_CXX_LANGUAGE_STANDARD = "gnu++14";
				CLANG_CXX_LIBRARY = "libc++";
				CLANG_ENABLE_MODULES = YES;
				CLANG_ENABLE_OBJC_ARC = YES;
				CLANG_ENABLE_OBJC_WEAK = YES;
				CLANG_WARN_BLOCK_CAPTURE_AUTORELEASING = YES;
				CLANG_WARN_BOOL_CONVERSION = YES;
				CLANG_WARN_COMMA = YES;
				CLANG_WARN_CONSTANT_CONVERSION = YES;
				CLANG_WARN_DEPRECATED_OBJC_IMPLEMENTATIONS = YES;
				CLANG_WARN_DIRECT_OBJC_ISA_USAGE = YES_ERROR;
				CLANG_WARN_DOCUMENTATION_COMMENTS = YES;
				CLANG_WARN_EMPTY_BODY = YES;
				CLANG_WARN_ENUM_CONVERSION = YES;
				CLANG_WARN_INFINITE_RECURSION = YES;
				CLANG_WARN_INT_CONVERSION = YES;
				CLANG_WARN_NON_LITERAL_NULL_CONVERSION = YES;
				CLANG_WARN_OBJC_IMPLICIT_RETAIN_SELF = YES;
				CLANG_WARN_OBJC_LITERAL_CONVERSION = YES;
				CLANG_WARN_OBJC_ROOT_CLASS = YES_ERROR;
				CLANG_WARN_RANGE_LOOP_ANALYSIS = YES;
				CLANG_WARN_STRICT_PROTOTYPES = YES;
				CLANG_WARN_SUSPICIOUS_MOVE = YES;
				CLANG_WARN_UNGUARDED_AVAILABILITY = YES_AGGRESSIVE;
				CLANG_WARN_UNREACHABLE_CODE = YES;
				CLANG_WARN__DUPLICATE_METHOD_MATCH = YES;
				CODE_SIGN_IDENTITY = "iPhone Developer";
				COPY_PHASE_STRIP = NO;
				DEBUG_INFORMATION_FORMAT = dwarf;
				ENABLE_STRICT_OBJC_MSGSEND = YES;
				ENABLE_TESTABILITY = YES;
				GCC_C_LANGUAGE_STANDARD = gnu11;
				GCC_DYNAMIC_NO_PIC = NO;
				GCC_NO_COMMON_BLOCKS = YES;
				GCC_OPTIMIZATION_LEVEL = 0;
				GCC_PREPROCESSOR_DEFINITIONS = (
					"DEBUG=1",
					"$(inherited)",
				);
				GCC_WARN_64_TO_32_BIT_CONVERSION = YES;
				GCC_WARN_ABOUT_RETURN_TYPE = YES_ERROR;
				GCC_WARN_UNDECLARED_SELECTOR = YES;
				GCC_WARN_UNINITIALIZED_AUTOS = YES_AGGRESSIVE;
				GCC_WARN_UNUSED_FUNCTION = YES;
				GCC_WARN_UNUSED_VARIABLE = YES;
				IPHONEOS_DEPLOYMENT_TARGET = 12.4;
				MTL_ENABLE_DEBUG_INFO = INCLUDE_SOURCE;
				MTL_FAST_MATH = YES;
				ONLY_ACTIVE_ARCH = YES;
				SDKROOT = iphoneos;
				SWIFT_ACTIVE_COMPILATION_CONDITIONS = DEBUG;
				SWIFT_OPTIMIZATION_LEVEL = "-Onone";
			};
			name = Debug;
		};
		7061009124A8F4D10032F87D /* Release */ = {
			isa = XCBuildConfiguration;
			buildSettings = {
				ALWAYS_SEARCH_USER_PATHS = NO;
				CLANG_ANALYZER_NONNULL = YES;
				CLANG_ANALYZER_NUMBER_OBJECT_CONVERSION = YES_AGGRESSIVE;
				CLANG_CXX_LANGUAGE_STANDARD = "gnu++14";
				CLANG_CXX_LIBRARY = "libc++";
				CLANG_ENABLE_MODULES = YES;
				CLANG_ENABLE_OBJC_ARC = YES;
				CLANG_ENABLE_OBJC_WEAK = YES;
				CLANG_WARN_BLOCK_CAPTURE_AUTORELEASING = YES;
				CLANG_WARN_BOOL_CONVERSION = YES;
				CLANG_WARN_COMMA = YES;
				CLANG_WARN_CONSTANT_CONVERSION = YES;
				CLANG_WARN_DEPRECATED_OBJC_IMPLEMENTATIONS = YES;
				CLANG_WARN_DIRECT_OBJC_ISA_USAGE = YES_ERROR;
				CLANG_WARN_DOCUMENTATION_COMMENTS = YES;
				CLANG_WARN_EMPTY_BODY = YES;
				CLANG_WARN_ENUM_CONVERSION = YES;
				CLANG_WARN_INFINITE_RECURSION = YES;
				CLANG_WARN_INT_CONVERSION = YES;
				CLANG_WARN_NON_LITERAL_NULL_CONVERSION = YES;
				CLANG_WARN_OBJC_IMPLICIT_RETAIN_SELF = YES;
				CLANG_WARN_OBJC_LITERAL_CONVERSION = YES;
				CLANG_WARN_OBJC_ROOT_CLASS = YES_ERROR;
				CLANG_WARN_RANGE_LOOP_ANALYSIS = YES;
				CLANG_WARN_STRICT_PROTOTYPES = YES;
				CLANG_WARN_SUSPICIOUS_MOVE = YES;
				CLANG_WARN_UNGUARDED_AVAILABILITY = YES_AGGRESSIVE;
				CLANG_WARN_UNREACHABLE_CODE = YES;
				CLANG_WARN__DUPLICATE_METHOD_MATCH = YES;
				CODE_SIGN_IDENTITY = "iPhone Developer";
				COPY_PHASE_STRIP = NO;
				DEBUG_INFORMATION_FORMAT = "dwarf-with-dsym";
				ENABLE_NS_ASSERTIONS = NO;
				ENABLE_STRICT_OBJC_MSGSEND = YES;
				GCC_C_LANGUAGE_STANDARD = gnu11;
				GCC_NO_COMMON_BLOCKS = YES;
				GCC_WARN_64_TO_32_BIT_CONVERSION = YES;
				GCC_WARN_ABOUT_RETURN_TYPE = YES_ERROR;
				GCC_WARN_UNDECLARED_SELECTOR = YES;
				GCC_WARN_UNINITIALIZED_AUTOS = YES_AGGRESSIVE;
				GCC_WARN_UNUSED_FUNCTION = YES;
				GCC_WARN_UNUSED_VARIABLE = YES;
				IPHONEOS_DEPLOYMENT_TARGET = 12.4;
				MTL_ENABLE_DEBUG_INFO = NO;
				MTL_FAST_MATH = YES;
				SDKROOT = iphoneos;
				SWIFT_COMPILATION_MODE = wholemodule;
				SWIFT_OPTIMIZATION_LEVEL = "-O";
				VALIDATE_PRODUCT = YES;
			};
			name = Release;
		};
		7061009324A8F4D10032F87D /* Debug */ = {
			isa = XCBuildConfiguration;
			buildSettings = {
				ASSETCATALOG_COMPILER_APPICON_NAME = AppIcon;
				CODE_SIGN_STYLE = Automatic;
				DEVELOPMENT_TEAM = VL7467LK5R;
				INFOPLIST_FILE = HttpRequest/Info.plist;
				LD_RUNPATH_SEARCH_PATHS = (
					"$(inherited)",
					"@executable_path/Frameworks",
				);
				PRODUCT_BUNDLE_IDENTIFIER = com.hooradramezani.HttpRequest;
				PRODUCT_NAME = "$(TARGET_NAME)";
				SWIFT_VERSION = 5.0;
				TARGETED_DEVICE_FAMILY = "1,2";
			};
			name = Debug;
		};
		7061009424A8F4D10032F87D /* Release */ = {
			isa = XCBuildConfiguration;
			buildSettings = {
				ASSETCATALOG_COMPILER_APPICON_NAME = AppIcon;
				CODE_SIGN_STYLE = Automatic;
				DEVELOPMENT_TEAM = VL7467LK5R;
				INFOPLIST_FILE = HttpRequest/Info.plist;
				LD_RUNPATH_SEARCH_PATHS = (
					"$(inherited)",
					"@executable_path/Frameworks",
				);
				PRODUCT_BUNDLE_IDENTIFIER = com.hooradramezani.HttpRequest;
				PRODUCT_NAME = "$(TARGET_NAME)";
				SWIFT_VERSION = 5.0;
				TARGETED_DEVICE_FAMILY = "1,2";
			};
			name = Release;
		};
		7061009624A8F4D10032F87D /* Debug */ = {
			isa = XCBuildConfiguration;
			buildSettings = {
				ALWAYS_EMBED_SWIFT_STANDARD_LIBRARIES = YES;
				BUNDLE_LOADER = "$(TEST_HOST)";
				CODE_SIGN_STYLE = Automatic;
				DEVELOPMENT_TEAM = VL7467LK5R;
				INFOPLIST_FILE = HttpRequestTests/Info.plist;
				LD_RUNPATH_SEARCH_PATHS = (
					"$(inherited)",
					"@executable_path/Frameworks",
					"@loader_path/Frameworks",
				);
				PRODUCT_BUNDLE_IDENTIFIER = com.hooradramezani.HttpRequestTests;
				PRODUCT_NAME = "$(TARGET_NAME)";
				SWIFT_VERSION = 5.0;
				TARGETED_DEVICE_FAMILY = "1,2";
				TEST_HOST = "$(BUILT_PRODUCTS_DIR)/HttpRequest.app/HttpRequest";
			};
			name = Debug;
		};
		7061009724A8F4D10032F87D /* Release */ = {
			isa = XCBuildConfiguration;
			buildSettings = {
				ALWAYS_EMBED_SWIFT_STANDARD_LIBRARIES = YES;
				BUNDLE_LOADER = "$(TEST_HOST)";
				CODE_SIGN_STYLE = Automatic;
				DEVELOPMENT_TEAM = VL7467LK5R;
				INFOPLIST_FILE = HttpRequestTests/Info.plist;
				LD_RUNPATH_SEARCH_PATHS = (
					"$(inherited)",
					"@executable_path/Frameworks",
					"@loader_path/Frameworks",
				);
				PRODUCT_BUNDLE_IDENTIFIER = com.hooradramezani.HttpRequestTests;
				PRODUCT_NAME = "$(TARGET_NAME)";
				SWIFT_VERSION = 5.0;
				TARGETED_DEVICE_FAMILY = "1,2";
				TEST_HOST = "$(BUILT_PRODUCTS_DIR)/HttpRequest.app/HttpRequest";
			};
			name = Release;
		};
		7061009924A8F4D10032F87D /* Debug */ = {
			isa = XCBuildConfiguration;
			buildSettings = {
				ALWAYS_EMBED_SWIFT_STANDARD_LIBRARIES = YES;
				CODE_SIGN_STYLE = Automatic;
				DEVELOPMENT_TEAM = VL7467LK5R;
				INFOPLIST_FILE = HttpRequestUITests/Info.plist;
				LD_RUNPATH_SEARCH_PATHS = (
					"$(inherited)",
					"@executable_path/Frameworks",
					"@loader_path/Frameworks",
				);
				PRODUCT_BUNDLE_IDENTIFIER = com.hooradramezani.HttpRequestUITests;
				PRODUCT_NAME = "$(TARGET_NAME)";
				SWIFT_VERSION = 5.0;
				TARGETED_DEVICE_FAMILY = "1,2";
				TEST_TARGET_NAME = HttpRequest;
			};
			name = Debug;
		};
		7061009A24A8F4D10032F87D /* Release */ = {
			isa = XCBuildConfiguration;
			buildSettings = {
				ALWAYS_EMBED_SWIFT_STANDARD_LIBRARIES = YES;
				CODE_SIGN_STYLE = Automatic;
				DEVELOPMENT_TEAM = VL7467LK5R;
				INFOPLIST_FILE = HttpRequestUITests/Info.plist;
				LD_RUNPATH_SEARCH_PATHS = (
					"$(inherited)",
					"@executable_path/Frameworks",
					"@loader_path/Frameworks",
				);
				PRODUCT_BUNDLE_IDENTIFIER = com.hooradramezani.HttpRequestUITests;
				PRODUCT_NAME = "$(TARGET_NAME)";
				SWIFT_VERSION = 5.0;
				TARGETED_DEVICE_FAMILY = "1,2";
				TEST_TARGET_NAME = HttpRequest;
			};
			name = Release;
		};
/* End XCBuildConfiguration section */

/* Begin XCConfigurationList section */
		7061006224A8F4CD0032F87D /* Build configuration list for PBXProject "HttpRequest" */ = {
			isa = XCConfigurationList;
			buildConfigurations = (
				7061009024A8F4D10032F87D /* Debug */,
				7061009124A8F4D10032F87D /* Release */,
			);
			defaultConfigurationIsVisible = 0;
			defaultConfigurationName = Release;
		};
		7061009224A8F4D10032F87D /* Build configuration list for PBXNativeTarget "HttpRequest" */ = {
			isa = XCConfigurationList;
			buildConfigurations = (
				7061009324A8F4D10032F87D /* Debug */,
				7061009424A8F4D10032F87D /* Release */,
			);
			defaultConfigurationIsVisible = 0;
			defaultConfigurationName = Release;
		};
		7061009524A8F4D10032F87D /* Build configuration list for PBXNativeTarget "HttpRequestTests" */ = {
			isa = XCConfigurationList;
			buildConfigurations = (
				7061009624A8F4D10032F87D /* Debug */,
				7061009724A8F4D10032F87D /* Release */,
			);
			defaultConfigurationIsVisible = 0;
			defaultConfigurationName = Release;
		};
		7061009824A8F4D10032F87D /* Build configuration list for PBXNativeTarget "HttpRequestUITests" */ = {
			isa = XCConfigurationList;
			buildConfigurations = (
				7061009924A8F4D10032F87D /* Debug */,
				7061009A24A8F4D10032F87D /* Release */,
			);
			defaultConfigurationIsVisible = 0;
			defaultConfigurationName = Release;
		};
/* End XCConfigurationList section */

/* Begin XCVersionGroup section */
		7061007124A8F4CE0032F87D /* HttpRequest.xcdatamodeld */ = {
			isa = XCVersionGroup;
			children = (
				7061007224A8F4CE0032F87D /* HttpRequest.xcdatamodel */,
			);
			currentVersion = 7061007224A8F4CE0032F87D /* HttpRequest.xcdatamodel */;
			path = HttpRequest.xcdatamodeld;
			sourceTree = "<group>";
			versionGroupType = wrapper.xcdatamodel;
		};
/* End XCVersionGroup section */
	};
	rootObject = 7061005F24A8F4CD0032F87D /* Project object */;
}
